
Microsoft Visual Studio Solution File, Format Version 12.00
# Visual Studio Version 17
VisualStudioVersion = 17.8.34330.188
MinimumVisualStudioVersion = 10.0.40219.1
Project("{8BC9CEB8-8B4A-11D0-8D11-00A0C91BC942}") = "FVG-2024", "FVG-2024.vcxproj", "{DDA31258-A9A1-41DF-A616-C953FAA4D79E}"
EndProject
Project("{8BC9CEB8-8B4A-11D0-8D11-00A0C91BC942}") = "FVG-2024ASM", "..\FVG-2024ASM\FVG-2024ASM.vcxproj", "{76148F4F-6AD2-48DD-91C2-FF8189F8F6CD}"
EndProject
Project("{8BC9CEB8-8B4A-11D0-8D11-00A0C91BC942}") = "FVG-2024LIB", "..\FVG-2024LIB\FVG-2024LIB.vcxproj", "{7D40AE10-5B20-4D37-A3A0-A4C970CBFB63}"
EndProject
Global
	GlobalSection(SolutionConfigurationPlatforms) = preSolution
		Debug|x64 = Debug|x64
		Debug|x86 = Debug|x86
		Release|x64 = Release|x64
		Release|x86 = Release|x86
	EndGlobalSection
	GlobalSection(ProjectConfigurationPlatforms) = postSolution
		{DDA31258-A9A1-41DF-A616-C953FAA4D79E}.Debug|x64.ActiveCfg = Debug|x64
		{DDA31258-A9A1-41DF-A616-C953FAA4D79E}.Debug|x64.Build.0 = Debug|x64
		{DDA31258-A9A1-41DF-A616-C953FAA4D79E}.Debug|x86.ActiveCfg = Debug|Win32
		{DDA31258-A9A1-41DF-A616-C953FAA4D79E}.Debug|x86.Build.0 = Debug|Win32
		{DDA31258-A9A1-41DF-A616-C953FAA4D79E}.Release|x64.ActiveCfg = Release|x64
		{DDA31258-A9A1-41DF-A616-C953FAA4D79E}.Release|x64.Build.0 = Release|x64
		{DDA31258-A9A1-41DF-A616-C953FAA4D79E}.Release|x86.ActiveCfg = Release|Win32
		{DDA31258-A9A1-41DF-A616-C953FAA4D79E}.Release|x86.Build.0 = Release|Win32
		{76148F4F-6AD2-48DD-91C2-FF8189F8F6CD}.Debug|x64.ActiveCfg = Debug|x64
		{76148F4F-6AD2-48DD-91C2-FF8189F8F6CD}.Debug|x64.Build.0 = Debug|x64
		{76148F4F-6AD2-48DD-91C2-FF8189F8F6CD}.Debug|x86.ActiveCfg = Debug|Win32
		{76148F4F-6AD2-48DD-91C2-FF8189F8F6CD}.Debug|x86.Build.0 = Debug|Win32
		{76148F4F-6AD2-48DD-91C2-FF8189F8F6CD}.Release|x64.ActiveCfg = Release|x64
		{76148F4F-6AD2-48DD-91C2-FF8189F8F6CD}.Release|x64.Build.0 = Release|x64
		{76148F4F-6AD2-48DD-91C2-FF8189F8F6CD}.Release|x86.ActiveCfg = Release|Win32
		{76148F4F-6AD2-48DD-91C2-FF8189F8F6CD}.Release|x86.Build.0 = Release|Win32
		{7D40AE10-5B20-4D37-A3A0-A4C970CBFB63}.Debug|x64.ActiveCfg = Debug|x64
		{7D40AE10-5B20-4D37-A3A0-A4C970CBFB63}.Debug|x64.Build.0 = Debug|x64
		{7D40AE10-5B20-4D37-A3A0-A4C970CBFB63}.Debug|x86.ActiveCfg = Debug|Win32
		{7D40AE10-5B20-4D37-A3A0-A4C970CBFB63}.Debug|x86.Build.0 = Debug|Win32
		{7D40AE10-5B20-4D37-A3A0-A4C970CBFB63}.Release|x64.ActiveCfg = Release|x64
		{7D40AE10-5B20-4D37-A3A0-A4C970CBFB63}.Release|x64.Build.0 = Release|x64
		{7D40AE10-5B20-4D37-A3A0-A4C970CBFB63}.Release|x86.ActiveCfg = Release|Win32
		{7D40AE10-5B20-4D37-A3A0-A4C970CBFB63}.Release|x86.Build.0 = Release|Win32
	EndGlobalSection
	GlobalSection(SolutionProperties) = preSolution
		HideSolutionNode = FALSE
	EndGlobalSection
	GlobalSection(ExtensibilityGlobals) = postSolution
		SolutionGuid = {B3661FB1-9C05-47EC-B6E0-89336470BA9C}
	EndGlobalSection
EndGlobal
